// !$*UTF8*$!
{
	archiveVersion = 1;
	classes = {
	};
	objectVersion = 46;
	objects = {

/* Begin PBXBuildFile section */
		B815A6A51B1CED1A005AC51D /* settings.plist in Resources */ = {isa = PBXBuildFile; fileRef = B815A6A41B1CED1A005AC51D /* settings.plist */; };
		B815A6A81B1CED79005AC51D /* AppData.m in Sources */ = {isa = PBXBuildFile; fileRef = B815A6A71B1CED79005AC51D /* AppData.m */; };
		B815A6AC1B1CF1C1005AC51D /* NSDictionary+UrlEncoding.m in Sources */ = {isa = PBXBuildFile; fileRef = B815A6AB1B1CF1C1005AC51D /* NSDictionary+UrlEncoding.m */; };
		B815A6B11B1D09E3005AC51D /* MasterViewController.m in Sources */ = {isa = PBXBuildFile; fileRef = B815A6B01B1D09E3005AC51D /* MasterViewController.m */; };
		B85B43F61B0E5C45006CEFC8 /* main.m in Sources */ = {isa = PBXBuildFile; fileRef = B85B43F51B0E5C45006CEFC8 /* main.m */; };
		B85B43F91B0E5C45006CEFC8 /* AppDelegate.m in Sources */ = {isa = PBXBuildFile; fileRef = B85B43F81B0E5C45006CEFC8 /* AppDelegate.m */; };
		B85B43FF1B0E5C45006CEFC8 /* DetailViewController.m in Sources */ = {isa = PBXBuildFile; fileRef = B85B43FE1B0E5C45006CEFC8 /* DetailViewController.m */; };
		B85B44021B0E5C45006CEFC8 /* Main.storyboard in Resources */ = {isa = PBXBuildFile; fileRef = B85B44001B0E5C45006CEFC8 /* Main.storyboard */; };
		B85B44041B0E5C45006CEFC8 /* Images.xcassets in Resources */ = {isa = PBXBuildFile; fileRef = B85B44031B0E5C45006CEFC8 /* Images.xcassets */; };
		B85B44071B0E5C45006CEFC8 /* LaunchScreen.xib in Resources */ = {isa = PBXBuildFile; fileRef = B85B44051B0E5C45006CEFC8 /* LaunchScreen.xib */; };
		B8878C151B0FED8800BAFF6C /* User.m in Sources */ = {isa = PBXBuildFile; fileRef = B8878C141B0FED8800BAFF6C /* User.m */; };
		B9C3DEA7EE4D662C5581B867 /* libPods.a in Frameworks */ = {isa = PBXBuildFile; fileRef = A311A42C3413097EBA882893 /* libPods.a */; };
		FB923FFF1C7E98AF0058B0A8 /* LoginViewController.m in Sources */ = {isa = PBXBuildFile; fileRef = FB923FFE1C7E98AF0058B0A8 /* LoginViewController.m */; };
		FBE25AFB1C80C7040080AF1F /* NSURLResponse.m in Sources */ = {isa = PBXBuildFile; fileRef = FBE25AFA1C80C7040080AF1F /* NSURLResponse.m */; };
/* End PBXBuildFile section */

/* Begin PBXFileReference section */
		438228CB7E5B40D005EEE685 /* Pods.debug.xcconfig */ = {isa = PBXFileReference; includeInIndex = 1; lastKnownFileType = text.xcconfig; name = Pods.debug.xcconfig; path = "Pods/Target Support Files/Pods/Pods.debug.xcconfig"; sourceTree = "<group>"; };
		A311A42C3413097EBA882893 /* libPods.a */ = {isa = PBXFileReference; explicitFileType = archive.ar; includeInIndex = 0; path = libPods.a; sourceTree = BUILT_PRODUCTS_DIR; };
		B815A6A41B1CED1A005AC51D /* settings.plist */ = {isa = PBXFileReference; fileEncoding = 4; lastKnownFileType = text.plist.xml; path = settings.plist; sourceTree = "<group>"; };
		B815A6A61B1CED79005AC51D /* AppData.h */ = {isa = PBXFileReference; fileEncoding = 4; lastKnownFileType = sourcecode.c.h; path = AppData.h; sourceTree = "<group>"; };
		B815A6A71B1CED79005AC51D /* AppData.m */ = {isa = PBXFileReference; fileEncoding = 4; lastKnownFileType = sourcecode.c.objc; path = AppData.m; sourceTree = "<group>"; };
		B815A6AA1B1CF1C1005AC51D /* NSDictionary+UrlEncoding.h */ = {isa = PBXFileReference; fileEncoding = 4; lastKnownFileType = sourcecode.c.h; path = "NSDictionary+UrlEncoding.h"; sourceTree = "<group>"; };
		B815A6AB1B1CF1C1005AC51D /* NSDictionary+UrlEncoding.m */ = {isa = PBXFileReference; fileEncoding = 4; lastKnownFileType = sourcecode.c.objc; path = "NSDictionary+UrlEncoding.m"; sourceTree = "<group>"; };
		B815A6B01B1D09E3005AC51D /* MasterViewController.m */ = {isa = PBXFileReference; fileEncoding = 4; lastKnownFileType = sourcecode.c.objc; path = MasterViewController.m; sourceTree = "<group>"; };
		B85B43F01B0E5C45006CEFC8 /* QuickStart.app */ = {isa = PBXFileReference; explicitFileType = wrapper.application; includeInIndex = 0; path = QuickStart.app; sourceTree = BUILT_PRODUCTS_DIR; };
		B85B43F41B0E5C45006CEFC8 /* Info.plist */ = {isa = PBXFileReference; lastKnownFileType = text.plist.xml; path = Info.plist; sourceTree = "<group>"; };
		B85B43F51B0E5C45006CEFC8 /* main.m */ = {isa = PBXFileReference; lastKnownFileType = sourcecode.c.objc; path = main.m; sourceTree = "<group>"; };
		B85B43F71B0E5C45006CEFC8 /* AppDelegate.h */ = {isa = PBXFileReference; lastKnownFileType = sourcecode.c.h; path = AppDelegate.h; sourceTree = "<group>"; };
		B85B43F81B0E5C45006CEFC8 /* AppDelegate.m */ = {isa = PBXFileReference; lastKnownFileType = sourcecode.c.objc; path = AppDelegate.m; sourceTree = "<group>"; };
		B85B43FA1B0E5C45006CEFC8 /* MasterViewController.h */ = {isa = PBXFileReference; lastKnownFileType = sourcecode.c.h; path = MasterViewController.h; sourceTree = "<group>"; };
		B85B43FD1B0E5C45006CEFC8 /* DetailViewController.h */ = {isa = PBXFileReference; lastKnownFileType = sourcecode.c.h; path = DetailViewController.h; sourceTree = "<group>"; };
		B85B43FE1B0E5C45006CEFC8 /* DetailViewController.m */ = {isa = PBXFileReference; lastKnownFileType = sourcecode.c.objc; path = DetailViewController.m; sourceTree = "<group>"; };
		B85B44011B0E5C45006CEFC8 /* Base */ = {isa = PBXFileReference; lastKnownFileType = file.storyboard; name = Base; path = Base.lproj/Main.storyboard; sourceTree = "<group>"; };
		B85B44031B0E5C45006CEFC8 /* Images.xcassets */ = {isa = PBXFileReference; lastKnownFileType = folder.assetcatalog; path = Images.xcassets; sourceTree = "<group>"; };
		B85B44061B0E5C45006CEFC8 /* Base */ = {isa = PBXFileReference; lastKnownFileType = file.xib; name = Base; path = Base.lproj/LaunchScreen.xib; sourceTree = "<group>"; };
		B8878C141B0FED8800BAFF6C /* User.m */ = {isa = PBXFileReference; fileEncoding = 4; lastKnownFileType = sourcecode.c.objc; path = User.m; sourceTree = "<group>"; };
		B8878C161B0FEDB200BAFF6C /* User.h */ = {isa = PBXFileReference; fileEncoding = 4; lastKnownFileType = sourcecode.c.h; path = User.h; sourceTree = "<group>"; };
		C1606D2F3E2ED2F66165427E /* Pods.release.xcconfig */ = {isa = PBXFileReference; includeInIndex = 1; lastKnownFileType = text.xcconfig; name = Pods.release.xcconfig; path = "Pods/Target Support Files/Pods/Pods.release.xcconfig"; sourceTree = "<group>"; };
		FB684E731C7BDC06001C72B1 /* OAuth2Client.framework */ = {isa = PBXFileReference; lastKnownFileType = wrapper.framework; name = OAuth2Client.framework; path = ../OAuth2Client/build/Debug/OAuth2Client.framework; sourceTree = "<group>"; };
		FB923FF41C7E77D50058B0A8 /* libOAuth2Client.a */ = {isa = PBXFileReference; lastKnownFileType = archive.ar; name = libOAuth2Client.a; path = "../OAuth2Client/build/Debug-iphoneos/libOAuth2Client.a"; sourceTree = "<group>"; };
		FB923FF61C7E78BA0058B0A8 /* Security.framework */ = {isa = PBXFileReference; lastKnownFileType = wrapper.framework; name = Security.framework; path = System/Library/Frameworks/Security.framework; sourceTree = SDKROOT; };
		FB923FF81C7E79220058B0A8 /* OAuth2Client.framework */ = {isa = PBXFileReference; lastKnownFileType = wrapper.framework; name = OAuth2Client.framework; path = ../OAuth2Client/build/Debug/OAuth2Client.framework; sourceTree = "<group>"; };
		FB923FFA1C7E798B0058B0A8 /* libOAuth2Client.a */ = {isa = PBXFileReference; lastKnownFileType = archive.ar; name = libOAuth2Client.a; path = "../OAuth2Client/build/Debug-iphoneos/libOAuth2Client.a"; sourceTree = "<group>"; };
		FB923FFC1C7E93680058B0A8 /* QuickStart.entitlements */ = {isa = PBXFileReference; lastKnownFileType = text.xml; path = QuickStart.entitlements; sourceTree = "<group>"; };
		FB923FFD1C7E98AF0058B0A8 /* LoginViewController.h */ = {isa = PBXFileReference; fileEncoding = 4; lastKnownFileType = sourcecode.c.h; path = LoginViewController.h; sourceTree = "<group>"; };
		FB923FFE1C7E98AF0058B0A8 /* LoginViewController.m */ = {isa = PBXFileReference; fileEncoding = 4; lastKnownFileType = sourcecode.c.objc; path = LoginViewController.m; sourceTree = "<group>"; };
		FBE25AFA1C80C7040080AF1F /* NSURLResponse.m */ = {isa = PBXFileReference; fileEncoding = 4; lastKnownFileType = sourcecode.c.objc; path = NSURLResponse.m; sourceTree = "<group>"; };
/* End PBXFileReference section */

/* Begin PBXFrameworksBuildPhase section */
		B85B43ED1B0E5C45006CEFC8 /* Frameworks */ = {
			isa = PBXFrameworksBuildPhase;
			buildActionMask = 2147483647;
			files = (
				B9C3DEA7EE4D662C5581B867 /* libPods.a in Frameworks */,
			);
			runOnlyForDeploymentPostprocessing = 0;
		};
/* End PBXFrameworksBuildPhase section */

/* Begin PBXGroup section */
		149B1033EC2C4C93F824E5A6 /* Pods */ = {
			isa = PBXGroup;
			children = (
				438228CB7E5B40D005EEE685 /* Pods.debug.xcconfig */,
				C1606D2F3E2ED2F66165427E /* Pods.release.xcconfig */,
			);
			name = Pods;
			sourceTree = "<group>";
		};
		8F3B63935949BF1159F4C9FB /* Frameworks */ = {
			isa = PBXGroup;
			children = (
				FB923FFA1C7E798B0058B0A8 /* libOAuth2Client.a */,
				FB923FF81C7E79220058B0A8 /* OAuth2Client.framework */,
				FB923FF61C7E78BA0058B0A8 /* Security.framework */,
				FB923FF41C7E77D50058B0A8 /* libOAuth2Client.a */,
				FB684E731C7BDC06001C72B1 /* OAuth2Client.framework */,
				A311A42C3413097EBA882893 /* libPods.a */,
			);
			name = Frameworks;
			sourceTree = "<group>";
		};
		B85B43E71B0E5C45006CEFC8 = {
			isa = PBXGroup;
			children = (
				B85B43F21B0E5C45006CEFC8 /* QuickStart */,
				B85B43F11B0E5C45006CEFC8 /* Products */,
				149B1033EC2C4C93F824E5A6 /* Pods */,
				8F3B63935949BF1159F4C9FB /* Frameworks */,
			);
			sourceTree = "<group>";
		};
		B85B43F11B0E5C45006CEFC8 /* Products */ = {
			isa = PBXGroup;
			children = (
				B85B43F01B0E5C45006CEFC8 /* QuickStart.app */,
			);
			name = Products;
			sourceTree = "<group>";
		};
		B85B43F21B0E5C45006CEFC8 /* QuickStart */ = {
			isa = PBXGroup;
			children = (
				FB923FFC1C7E93680058B0A8 /* QuickStart.entitlements */,
				B85B43F71B0E5C45006CEFC8 /* AppDelegate.h */,
				B85B43F81B0E5C45006CEFC8 /* AppDelegate.m */,
				B85B43FA1B0E5C45006CEFC8 /* MasterViewController.h */,
				B815A6B01B1D09E3005AC51D /* MasterViewController.m */,
				B85B43FD1B0E5C45006CEFC8 /* DetailViewController.h */,
				B85B43FE1B0E5C45006CEFC8 /* DetailViewController.m */,
				B85B44001B0E5C45006CEFC8 /* Main.storyboard */,
				B85B44031B0E5C45006CEFC8 /* Images.xcassets */,
				B85B44051B0E5C45006CEFC8 /* LaunchScreen.xib */,
				B85B43F31B0E5C45006CEFC8 /* Supporting Files */,
				B8878C141B0FED8800BAFF6C /* User.m */,
				B8878C161B0FEDB200BAFF6C /* User.h */,
				B815A6A61B1CED79005AC51D /* AppData.h */,
				B815A6A71B1CED79005AC51D /* AppData.m */,
				B815A6AA1B1CF1C1005AC51D /* NSDictionary+UrlEncoding.h */,
				B815A6AB1B1CF1C1005AC51D /* NSDictionary+UrlEncoding.m */,
				FB923FFD1C7E98AF0058B0A8 /* LoginViewController.h */,
				FB923FFE1C7E98AF0058B0A8 /* LoginViewController.m */,
				FBE25AFA1C80C7040080AF1F /* NSURLResponse.m */,
			);
			path = QuickStart;
			sourceTree = "<group>";
		};
		B85B43F31B0E5C45006CEFC8 /* Supporting Files */ = {
			isa = PBXGroup;
			children = (
				B85B43F41B0E5C45006CEFC8 /* Info.plist */,
				B85B43F51B0E5C45006CEFC8 /* main.m */,
				B815A6A41B1CED1A005AC51D /* settings.plist */,
			);
			name = "Supporting Files";
			sourceTree = "<group>";
		};
/* End PBXGroup section */

/* Begin PBXNativeTarget section */
		B85B43EF1B0E5C45006CEFC8 /* QuickStart */ = {
			isa = PBXNativeTarget;
			buildConfigurationList = B85B44161B0E5C45006CEFC8 /* Build configuration list for PBXNativeTarget "QuickStart" */;
			buildPhases = (
				2E1E20E3392B52B11BF85D9D /* Check Pods Manifest.lock */,
				B85B43EC1B0E5C45006CEFC8 /* Sources */,
				B85B43ED1B0E5C45006CEFC8 /* Frameworks */,
				B85B43EE1B0E5C45006CEFC8 /* Resources */,
				2A5E6D7DC0190D9D71B97908 /* Copy Pods Resources */,
			);
			buildRules = (
			);
			dependencies = (
			);
			name = QuickStart;
			productName = QuickStart;
			productReference = B85B43F01B0E5C45006CEFC8 /* QuickStart.app */;
			productType = "com.apple.product-type.application";
		};
/* End PBXNativeTarget section */

/* Begin PBXProject section */
		B85B43E81B0E5C45006CEFC8 /* Project object */ = {
			isa = PBXProject;
			attributes = {
				LastUpgradeCheck = 0720;
				ORGANIZATIONNAME = Microsoft;
				TargetAttributes = {
					B85B43EF1B0E5C45006CEFC8 = {
						CreatedOnToolsVersion = 6.3.2;
						DevelopmentTeam = QPA5Y64RGS;
						SystemCapabilities = {
							com.apple.Keychain = {
								enabled = 1;
							};
						};
					};
				};
			};
			buildConfigurationList = B85B43EB1B0E5C45006CEFC8 /* Build configuration list for PBXProject "QuickStart" */;
			compatibilityVersion = "Xcode 3.2";
			developmentRegion = English;
			hasScannedForEncodings = 0;
			knownRegions = (
				en,
				Base,
			);
			mainGroup = B85B43E71B0E5C45006CEFC8;
			productRefGroup = B85B43F11B0E5C45006CEFC8 /* Products */;
			projectDirPath = "";
			projectRoot = "";
			targets = (
				B85B43EF1B0E5C45006CEFC8 /* QuickStart */,
			);
		};
/* End PBXProject section */

/* Begin PBXResourcesBuildPhase section */
		B85B43EE1B0E5C45006CEFC8 /* Resources */ = {
			isa = PBXResourcesBuildPhase;
			buildActionMask = 2147483647;
			files = (
				B85B44021B0E5C45006CEFC8 /* Main.storyboard in Resources */,
				B815A6A51B1CED1A005AC51D /* settings.plist in Resources */,
				B85B44071B0E5C45006CEFC8 /* LaunchScreen.xib in Resources */,
				B85B44041B0E5C45006CEFC8 /* Images.xcassets in Resources */,
			);
			runOnlyForDeploymentPostprocessing = 0;
		};
/* End PBXResourcesBuildPhase section */

/* Begin PBXShellScriptBuildPhase section */
		2A5E6D7DC0190D9D71B97908 /* Copy Pods Resources */ = {
			isa = PBXShellScriptBuildPhase;
			buildActionMask = 2147483647;
			files = (
			);
			inputPaths = (
			);
			name = "Copy Pods Resources";
			outputPaths = (
			);
			runOnlyForDeploymentPostprocessing = 0;
			shellPath = /bin/sh;
			shellScript = "\"${SRCROOT}/Pods/Target Support Files/Pods/Pods-resources.sh\"\n";
			showEnvVarsInLog = 0;
		};
		2E1E20E3392B52B11BF85D9D /* Check Pods Manifest.lock */ = {
			isa = PBXShellScriptBuildPhase;
			buildActionMask = 2147483647;
			files = (
			);
			inputPaths = (
			);
			name = "Check Pods Manifest.lock";
			outputPaths = (
			);
			runOnlyForDeploymentPostprocessing = 0;
			shellPath = /bin/sh;
			shellScript = "diff \"${PODS_ROOT}/../Podfile.lock\" \"${PODS_ROOT}/Manifest.lock\" > /dev/null\nif [[ $? != 0 ]] ; then\n    cat << EOM\nerror: The sandbox is not in sync with the Podfile.lock. Run 'pod install' or update your CocoaPods installation.\nEOM\n    exit 1\nfi\n";
			showEnvVarsInLog = 0;
		};
/* End PBXShellScriptBuildPhase section */

/* Begin PBXSourcesBuildPhase section */
		B85B43EC1B0E5C45006CEFC8 /* Sources */ = {
			isa = PBXSourcesBuildPhase;
			buildActionMask = 2147483647;
			files = (
				FB923FFF1C7E98AF0058B0A8 /* LoginViewController.m in Sources */,
				B8878C151B0FED8800BAFF6C /* User.m in Sources */,
				B815A6AC1B1CF1C1005AC51D /* NSDictionary+UrlEncoding.m in Sources */,
				B85B43F91B0E5C45006CEFC8 /* AppDelegate.m in Sources */,
				FBE25AFB1C80C7040080AF1F /* NSURLResponse.m in Sources */,
				B815A6A81B1CED79005AC51D /* AppData.m in Sources */,
				B815A6B11B1D09E3005AC51D /* MasterViewController.m in Sources */,
				B85B43F61B0E5C45006CEFC8 /* main.m in Sources */,
				B85B43FF1B0E5C45006CEFC8 /* DetailViewController.m in Sources */,
			);
			runOnlyForDeploymentPostprocessing = 0;
		};
/* End PBXSourcesBuildPhase section */

/* Begin PBXVariantGroup section */
		B85B44001B0E5C45006CEFC8 /* Main.storyboard */ = {
			isa = PBXVariantGroup;
			children = (
				B85B44011B0E5C45006CEFC8 /* Base */,
			);
			name = Main.storyboard;
			sourceTree = "<group>";
		};
		B85B44051B0E5C45006CEFC8 /* LaunchScreen.xib */ = {
			isa = PBXVariantGroup;
			children = (
				B85B44061B0E5C45006CEFC8 /* Base */,
			);
			name = LaunchScreen.xib;
			sourceTree = "<group>";
		};
/* End PBXVariantGroup section */

/* Begin XCBuildConfiguration section */
		B85B44141B0E5C45006CEFC8 /* Debug */ = {
			isa = XCBuildConfiguration;
			buildSettings = {
				ALWAYS_SEARCH_USER_PATHS = NO;
				CLANG_CXX_LANGUAGE_STANDARD = "gnu++0x";
				CLANG_CXX_LIBRARY = "libc++";
				CLANG_ENABLE_MODULES = YES;
				CLANG_ENABLE_OBJC_ARC = YES;
				CLANG_WARN_BOOL_CONVERSION = YES;
				CLANG_WARN_CONSTANT_CONVERSION = YES;
				CLANG_WARN_DIRECT_OBJC_ISA_USAGE = YES_ERROR;
				CLANG_WARN_EMPTY_BODY = YES;
				CLANG_WARN_ENUM_CONVERSION = YES;
				CLANG_WARN_INT_CONVERSION = YES;
				CLANG_WARN_OBJC_ROOT_CLASS = YES_ERROR;
				CLANG_WARN_UNREACHABLE_CODE = YES;
				CLANG_WARN__DUPLICATE_METHOD_MATCH = YES;
				"CODE_SIGN_IDENTITY[sdk=iphoneos*]" = "iPhone Developer";
				COPY_PHASE_STRIP = NO;
				DEBUG_INFORMATION_FORMAT = "dwarf-with-dsym";
				ENABLE_STRICT_OBJC_MSGSEND = YES;
				ENABLE_TESTABILITY = YES;
				GCC_C_LANGUAGE_STANDARD = gnu99;
				GCC_DYNAMIC_NO_PIC = NO;
				GCC_NO_COMMON_BLOCKS = YES;
				GCC_OPTIMIZATION_LEVEL = 0;
				GCC_PREPROCESSOR_DEFINITIONS = (
					"DEBUG=1",
					"$(inherited)",
				);
				GCC_SYMBOLS_PRIVATE_EXTERN = NO;
				GCC_WARN_64_TO_32_BIT_CONVERSION = YES;
				GCC_WARN_ABOUT_RETURN_TYPE = YES_ERROR;
				GCC_WARN_UNDECLARED_SELECTOR = YES;
				GCC_WARN_UNINITIALIZED_AUTOS = YES_AGGRESSIVE;
				GCC_WARN_UNUSED_FUNCTION = YES;
				GCC_WARN_UNUSED_VARIABLE = YES;
				IPHONEOS_DEPLOYMENT_TARGET = 9.2;
				MTL_ENABLE_DEBUG_INFO = YES;
				ONLY_ACTIVE_ARCH = YES;
				SDKROOT = iphoneos;
				TARGETED_DEVICE_FAMILY = "1,2";
			};
			name = Debug;
		};
		B85B44151B0E5C45006CEFC8 /* Release */ = {
			isa = XCBuildConfiguration;
			buildSettings = {
				ALWAYS_SEARCH_USER_PATHS = NO;
				CLANG_CXX_LANGUAGE_STANDARD = "gnu++0x";
				CLANG_CXX_LIBRARY = "libc++";
				CLANG_ENABLE_MODULES = YES;
				CLANG_ENABLE_OBJC_ARC = YES;
				CLANG_WARN_BOOL_CONVERSION = YES;
				CLANG_WARN_CONSTANT_CONVERSION = YES;
				CLANG_WARN_DIRECT_OBJC_ISA_USAGE = YES_ERROR;
				CLANG_WARN_EMPTY_BODY = YES;
				CLANG_WARN_ENUM_CONVERSION = YES;
				CLANG_WARN_INT_CONVERSION = YES;
				CLANG_WARN_OBJC_ROOT_CLASS = YES_ERROR;
				CLANG_WARN_UNREACHABLE_CODE = YES;
				CLANG_WARN__DUPLICATE_METHOD_MATCH = YES;
				"CODE_SIGN_IDENTITY[sdk=iphoneos*]" = "iPhone Developer";
				COPY_PHASE_STRIP = NO;
				DEBUG_INFORMATION_FORMAT = "dwarf-with-dsym";
				ENABLE_NS_ASSERTIONS = NO;
				ENABLE_STRICT_OBJC_MSGSEND = YES;
				GCC_C_LANGUAGE_STANDARD = gnu99;
				GCC_NO_COMMON_BLOCKS = YES;
				GCC_WARN_64_TO_32_BIT_CONVERSION = YES;
				GCC_WARN_ABOUT_RETURN_TYPE = YES_ERROR;
				GCC_WARN_UNDECLARED_SELECTOR = YES;
				GCC_WARN_UNINITIALIZED_AUTOS = YES_AGGRESSIVE;
				GCC_WARN_UNUSED_FUNCTION = YES;
				GCC_WARN_UNUSED_VARIABLE = YES;
				IPHONEOS_DEPLOYMENT_TARGET = 9.2;
				MTL_ENABLE_DEBUG_INFO = NO;
				SDKROOT = iphoneos;
				TARGETED_DEVICE_FAMILY = "1,2";
				VALIDATE_PRODUCT = YES;
			};
			name = Release;
		};
		B85B44171B0E5C45006CEFC8 /* Debug */ = {
			isa = XCBuildConfiguration;
			baseConfigurationReference = 438228CB7E5B40D005EEE685 /* Pods.debug.xcconfig */;
			buildSettings = {
				ASSETCATALOG_COMPILER_APPICON_NAME = AppIcon;
				CODE_SIGN_ENTITLEMENTS = QuickStart/QuickStart.entitlements;
				CODE_SIGN_IDENTITY = "iPhone Developer";
				ENABLE_STRICT_OBJC_MSGSEND = NO;
				FRAMEWORK_SEARCH_PATHS = "";
				INFOPLIST_FILE = QuickStart/Info.plist;
				LD_RUNPATH_SEARCH_PATHS = "$(inherited) @executable_path/Frameworks";
				OTHER_LDFLAGS = "$(inherited)";
				PRODUCT_BUNDLE_IDENTIFIER = "com.microsoft.azureactivedirectory.samples.graph.$(PRODUCT_NAME:rfc1034identifier)";
				PRODUCT_NAME = "$(TARGET_NAME)";
			};
			name = Debug;
		};
		B85B44181B0E5C45006CEFC8 /* Release */ = {
			isa = XCBuildConfiguration;
			baseConfigurationReference = C1606D2F3E2ED2F66165427E /* Pods.release.xcconfig */;
			buildSettings = {
				ASSETCATALOG_COMPILER_APPICON_NAME = AppIcon;
				CODE_SIGN_ENTITLEMENTS = QuickStart/QuickStart.entitlements;
				CODE_SIGN_IDENTITY = "iPhone Developer";
				ENABLE_STRICT_OBJC_MSGSEND = NO;
				FRAMEWORK_SEARCH_PATHS = "";
				INFOPLIST_FILE = QuickStart/Info.plist;
				LD_RUNPATH_SEARCH_PATHS = "$(inherited) @executable_path/Frameworks";
				OTHER_LDFLAGS = "$(inherited)";
				PRODUCT_BUNDLE_IDENTIFIER = "com.microsoft.azureactivedirectory.samples.graph.$(PRODUCT_NAME:rfc1034identifier)";
				PRODUCT_NAME = "$(TARGET_NAME)";
			};
			name = Release;
		};
/* End XCBuildConfiguration section */

/* Begin XCConfigurationList section */
		B85B43EB1B0E5C45006CEFC8 /* Build configuration list for PBXProject "QuickStart" */ = {
			isa = XCConfigurationList;
			buildConfigurations = (
				B85B44141B0E5C45006CEFC8 /* Debug */,
				B85B44151B0E5C45006CEFC8 /* Release */,
			);
			defaultConfigurationIsVisible = 0;
			defaultConfigurationName = Release;
		};
		B85B44161B0E5C45006CEFC8 /* Build configuration list for PBXNativeTarget "QuickStart" */ = {
			isa = XCConfigurationList;
			buildConfigurations = (
				B85B44171B0E5C45006CEFC8 /* Debug */,
				B85B44181B0E5C45006CEFC8 /* Release */,
			);
			defaultConfigurationIsVisible = 0;
			defaultConfigurationName = Release;
		};
/* End XCConfigurationList section */
	};
	rootObject = B85B43E81B0E5C45006CEFC8 /* Project object */;
}
