// !$*UTF8*$!
{
	archiveVersion = 1;
	classes = {
	};
	objectVersion = 46;
	objects = {

/* Begin PBXBuildFile section */
		B85B43F61B0E5C45006CEFC8 /* main.m in Sources */ = {isa = PBXBuildFile; fileRef = B85B43F51B0E5C45006CEFC8 /* main.m */; };
		B85B43F91B0E5C45006CEFC8 /* AppDelegate.m in Sources */ = {isa = PBXBuildFile; fileRef = B85B43F81B0E5C45006CEFC8 /* AppDelegate.m */; };
		B85B43FC1B0E5C45006CEFC8 /* MasterViewController.m in Sources */ = {isa = PBXBuildFile; fileRef = B85B43FB1B0E5C45006CEFC8 /* MasterViewController.m */; };
		B85B43FF1B0E5C45006CEFC8 /* DetailViewController.m in Sources */ = {isa = PBXBuildFile; fileRef = B85B43FE1B0E5C45006CEFC8 /* DetailViewController.m */; };
		B85B44021B0E5C45006CEFC8 /* Main.storyboard in Resources */ = {isa = PBXBuildFile; fileRef = B85B44001B0E5C45006CEFC8 /* Main.storyboard */; };
		B85B44041B0E5C45006CEFC8 /* Images.xcassets in Resources */ = {isa = PBXBuildFile; fileRef = B85B44031B0E5C45006CEFC8 /* Images.xcassets */; };
		B85B44071B0E5C45006CEFC8 /* LaunchScreen.xib in Resources */ = {isa = PBXBuildFile; fileRef = B85B44051B0E5C45006CEFC8 /* LaunchScreen.xib */; };
		B85B44131B0E5C45006CEFC8 /* QuickStartTests.m in Sources */ = {isa = PBXBuildFile; fileRef = B85B44121B0E5C45006CEFC8 /* QuickStartTests.m */; };
		B85B441D1B0E612A006CEFC8 /* Podfile in Resources */ = {isa = PBXBuildFile; fileRef = B85B441C1B0E612A006CEFC8 /* Podfile */; };
/* End PBXBuildFile section */

/* Begin PBXContainerItemProxy section */
		B85B440D1B0E5C45006CEFC8 /* PBXContainerItemProxy */ = {
			isa = PBXContainerItemProxy;
			containerPortal = B85B43E81B0E5C45006CEFC8 /* Project object */;
			proxyType = 1;
			remoteGlobalIDString = B85B43EF1B0E5C45006CEFC8;
			remoteInfo = QuickStart;
		};
/* End PBXContainerItemProxy section */

/* Begin PBXFileReference section */
		B85B43F01B0E5C45006CEFC8 /* QuickStart.app */ = {isa = PBXFileReference; explicitFileType = wrapper.application; includeInIndex = 0; path = QuickStart.app; sourceTree = BUILT_PRODUCTS_DIR; };
		B85B43F41B0E5C45006CEFC8 /* Info.plist */ = {isa = PBXFileReference; lastKnownFileType = text.plist.xml; path = Info.plist; sourceTree = "<group>"; };
		B85B43F51B0E5C45006CEFC8 /* main.m */ = {isa = PBXFileReference; lastKnownFileType = sourcecode.c.objc; path = main.m; sourceTree = "<group>"; };
		B85B43F71B0E5C45006CEFC8 /* AppDelegate.h */ = {isa = PBXFileReference; lastKnownFileType = sourcecode.c.h; path = AppDelegate.h; sourceTree = "<group>"; };
		B85B43F81B0E5C45006CEFC8 /* AppDelegate.m */ = {isa = PBXFileReference; lastKnownFileType = sourcecode.c.objc; path = AppDelegate.m; sourceTree = "<group>"; };
		B85B43FA1B0E5C45006CEFC8 /* MasterViewController.h */ = {isa = PBXFileReference; lastKnownFileType = sourcecode.c.h; path = MasterViewController.h; sourceTree = "<group>"; };
		B85B43FB1B0E5C45006CEFC8 /* MasterViewController.m */ = {isa = PBXFileReference; lastKnownFileType = sourcecode.c.objc; path = MasterViewController.m; sourceTree = "<group>"; };
		B85B43FD1B0E5C45006CEFC8 /* DetailViewController.h */ = {isa = PBXFileReference; lastKnownFileType = sourcecode.c.h; path = DetailViewController.h; sourceTree = "<group>"; };
		B85B43FE1B0E5C45006CEFC8 /* DetailViewController.m */ = {isa = PBXFileReference; lastKnownFileType = sourcecode.c.objc; path = DetailViewController.m; sourceTree = "<group>"; };
		B85B44011B0E5C45006CEFC8 /* Base */ = {isa = PBXFileReference; lastKnownFileType = file.storyboard; name = Base; path = Base.lproj/Main.storyboard; sourceTree = "<group>"; };
		B85B44031B0E5C45006CEFC8 /* Images.xcassets */ = {isa = PBXFileReference; lastKnownFileType = folder.assetcatalog; path = Images.xcassets; sourceTree = "<group>"; };
		B85B44061B0E5C45006CEFC8 /* Base */ = {isa = PBXFileReference; lastKnownFileType = file.xib; name = Base; path = Base.lproj/LaunchScreen.xib; sourceTree = "<group>"; };
		B85B440C1B0E5C45006CEFC8 /* QuickStartTests.xctest */ = {isa = PBXFileReference; explicitFileType = wrapper.cfbundle; includeInIndex = 0; path = QuickStartTests.xctest; sourceTree = BUILT_PRODUCTS_DIR; };
		B85B44111B0E5C45006CEFC8 /* Info.plist */ = {isa = PBXFileReference; lastKnownFileType = text.plist.xml; path = Info.plist; sourceTree = "<group>"; };
		B85B44121B0E5C45006CEFC8 /* QuickStartTests.m */ = {isa = PBXFileReference; lastKnownFileType = sourcecode.c.objc; path = QuickStartTests.m; sourceTree = "<group>"; };
		B85B441C1B0E612A006CEFC8 /* Podfile */ = {isa = PBXFileReference; fileEncoding = 4; lastKnownFileType = text; path = Podfile; sourceTree = "<group>"; };
/* End PBXFileReference section */

/* Begin PBXFrameworksBuildPhase section */
		B85B43ED1B0E5C45006CEFC8 /* Frameworks */ = {
			isa = PBXFrameworksBuildPhase;
			buildActionMask = 2147483647;
			files = (
			);
			runOnlyForDeploymentPostprocessing = 0;
		};
		B85B44091B0E5C45006CEFC8 /* Frameworks */ = {
			isa = PBXFrameworksBuildPhase;
			buildActionMask = 2147483647;
			files = (
			);
			runOnlyForDeploymentPostprocessing = 0;
		};
/* End PBXFrameworksBuildPhase section */

/* Begin PBXGroup section */
		B85B43E71B0E5C45006CEFC8 = {
			isa = PBXGroup;
			children = (
				B85B43F21B0E5C45006CEFC8 /* QuickStart */,
				B85B440F1B0E5C45006CEFC8 /* QuickStartTests */,
				B85B43F11B0E5C45006CEFC8 /* Products */,
			);
			sourceTree = "<group>";
		};
		B85B43F11B0E5C45006CEFC8 /* Products */ = {
			isa = PBXGroup;
			children = (
				B85B43F01B0E5C45006CEFC8 /* QuickStart.app */,
				B85B440C1B0E5C45006CEFC8 /* QuickStartTests.xctest */,
			);
			name = Products;
			sourceTree = "<group>";
		};
		B85B43F21B0E5C45006CEFC8 /* QuickStart */ = {
			isa = PBXGroup;
			children = (
				B85B43F71B0E5C45006CEFC8 /* AppDelegate.h */,
				B85B43F81B0E5C45006CEFC8 /* AppDelegate.m */,
				B85B43FA1B0E5C45006CEFC8 /* MasterViewController.h */,
				B85B43FB1B0E5C45006CEFC8 /* MasterViewController.m */,
				B85B43FD1B0E5C45006CEFC8 /* DetailViewController.h */,
				B85B43FE1B0E5C45006CEFC8 /* DetailViewController.m */,
				B85B44001B0E5C45006CEFC8 /* Main.storyboard */,
				B85B44031B0E5C45006CEFC8 /* Images.xcassets */,
				B85B44051B0E5C45006CEFC8 /* LaunchScreen.xib */,
				B85B43F31B0E5C45006CEFC8 /* Supporting Files */,
				B85B441C1B0E612A006CEFC8 /* Podfile */,
			);
			path = QuickStart;
			sourceTree = "<group>";
		};
		B85B43F31B0E5C45006CEFC8 /* Supporting Files */ = {
			isa = PBXGroup;
			children = (
				B85B43F41B0E5C45006CEFC8 /* Info.plist */,
				B85B43F51B0E5C45006CEFC8 /* main.m */,
			);
			name = "Supporting Files";
			sourceTree = "<group>";
		};
		B85B440F1B0E5C45006CEFC8 /* QuickStartTests */ = {
			isa = PBXGroup;
			children = (
				B85B44121B0E5C45006CEFC8 /* QuickStartTests.m */,
				B85B44101B0E5C45006CEFC8 /* Supporting Files */,
			);
			path = QuickStartTests;
			sourceTree = "<group>";
		};
		B85B44101B0E5C45006CEFC8 /* Supporting Files */ = {
			isa = PBXGroup;
			children = (
				B85B44111B0E5C45006CEFC8 /* Info.plist */,
			);
			name = "Supporting Files";
			sourceTree = "<group>";
		};
/* End PBXGroup section */

/* Begin PBXNativeTarget section */
		B85B43EF1B0E5C45006CEFC8 /* QuickStart */ = {
			isa = PBXNativeTarget;
			buildConfigurationList = B85B44161B0E5C45006CEFC8 /* Build configuration list for PBXNativeTarget "QuickStart" */;
			buildPhases = (
				B85B43EC1B0E5C45006CEFC8 /* Sources */,
				B85B43ED1B0E5C45006CEFC8 /* Frameworks */,
				B85B43EE1B0E5C45006CEFC8 /* Resources */,
			);
			buildRules = (
			);
			dependencies = (
			);
			name = QuickStart;
			productName = QuickStart;
			productReference = B85B43F01B0E5C45006CEFC8 /* QuickStart.app */;
			productType = "com.apple.product-type.application";
		};
		B85B440B1B0E5C45006CEFC8 /* QuickStartTests */ = {
			isa = PBXNativeTarget;
			buildConfigurationList = B85B44191B0E5C45006CEFC8 /* Build configuration list for PBXNativeTarget "QuickStartTests" */;
			buildPhases = (
				B85B44081B0E5C45006CEFC8 /* Sources */,
				B85B44091B0E5C45006CEFC8 /* Frameworks */,
				B85B440A1B0E5C45006CEFC8 /* Resources */,
			);
			buildRules = (
			);
			dependencies = (
				B85B440E1B0E5C45006CEFC8 /* PBXTargetDependency */,
			);
			name = QuickStartTests;
			productName = QuickStartTests;
			productReference = B85B440C1B0E5C45006CEFC8 /* QuickStartTests.xctest */;
			productType = "com.apple.product-type.bundle.unit-test";
		};
/* End PBXNativeTarget section */

/* Begin PBXProject section */
		B85B43E81B0E5C45006CEFC8 /* Project object */ = {
			isa = PBXProject;
			attributes = {
				LastUpgradeCheck = 0630;
				ORGANIZATIONNAME = Microsoft;
				TargetAttributes = {
					B85B43EF1B0E5C45006CEFC8 = {
						CreatedOnToolsVersion = 6.3.2;
					};
					B85B440B1B0E5C45006CEFC8 = {
						CreatedOnToolsVersion = 6.3.2;
						TestTargetID = B85B43EF1B0E5C45006CEFC8;
					};
				};
			};
			buildConfigurationList = B85B43EB1B0E5C45006CEFC8 /* Build configuration list for PBXProject "QuickStart" */;
			compatibilityVersion = "Xcode 3.2";
			developmentRegion = English;
			hasScannedForEncodings = 0;
			knownRegions = (
				en,
				Base,
			);
			mainGroup = B85B43E71B0E5C45006CEFC8;
			productRefGroup = B85B43F11B0E5C45006CEFC8 /* Products */;
			projectDirPath = "";
			projectRoot = "";
			targets = (
				B85B43EF1B0E5C45006CEFC8 /* QuickStart */,
				B85B440B1B0E5C45006CEFC8 /* QuickStartTests */,
			);
		};
/* End PBXProject section */

/* Begin PBXResourcesBuildPhase section */
		B85B43EE1B0E5C45006CEFC8 /* Resources */ = {
			isa = PBXResourcesBuildPhase;
			buildActionMask = 2147483647;
			files = (
				B85B44021B0E5C45006CEFC8 /* Main.storyboard in Resources */,
				B85B44071B0E5C45006CEFC8 /* LaunchScreen.xib in Resources */,
				B85B441D1B0E612A006CEFC8 /* Podfile in Resources */,
				B85B44041B0E5C45006CEFC8 /* Images.xcassets in Resources */,
			);
			runOnlyForDeploymentPostprocessing = 0;
		};
		B85B440A1B0E5C45006CEFC8 /* Resources */ = {
			isa = PBXResourcesBuildPhase;
			buildActionMask = 2147483647;
			files = (
			);
			runOnlyForDeploymentPostprocessing = 0;
		};
/* End PBXResourcesBuildPhase section */

/* Begin PBXSourcesBuildPhase section */
		B85B43EC1B0E5C45006CEFC8 /* Sources */ = {
			isa = PBXSourcesBuildPhase;
			buildActionMask = 2147483647;
			files = (
				B85B43F91B0E5C45006CEFC8 /* AppDelegate.m in Sources */,
				B85B43FC1B0E5C45006CEFC8 /* MasterViewController.m in Sources */,
				B85B43F61B0E5C45006CEFC8 /* main.m in Sources */,
				B85B43FF1B0E5C45006CEFC8 /* DetailViewController.m in Sources */,
			);
			runOnlyForDeploymentPostprocessing = 0;
		};
		B85B44081B0E5C45006CEFC8 /* Sources */ = {
			isa = PBXSourcesBuildPhase;
			buildActionMask = 2147483647;
			files = (
				B85B44131B0E5C45006CEFC8 /* QuickStartTests.m in Sources */,
			);
			runOnlyForDeploymentPostprocessing = 0;
		};
/* End PBXSourcesBuildPhase section */

/* Begin PBXTargetDependency section */
		B85B440E1B0E5C45006CEFC8 /* PBXTargetDependency */ = {
			isa = PBXTargetDependency;
			target = B85B43EF1B0E5C45006CEFC8 /* QuickStart */;
			targetProxy = B85B440D1B0E5C45006CEFC8 /* PBXContainerItemProxy */;
		};
/* End PBXTargetDependency section */

/* Begin PBXVariantGroup section */
		B85B44001B0E5C45006CEFC8 /* Main.storyboard */ = {
			isa = PBXVariantGroup;
			children = (
				B85B44011B0E5C45006CEFC8 /* Base */,
			);
			name = Main.storyboard;
			sourceTree = "<group>";
		};
		B85B44051B0E5C45006CEFC8 /* LaunchScreen.xib */ = {
			isa = PBXVariantGroup;
			children = (
				B85B44061B0E5C45006CEFC8 /* Base */,
			);
			name = LaunchScreen.xib;
			sourceTree = "<group>";
		};
/* End PBXVariantGroup section */

/* Begin XCBuildConfiguration section */
		B85B44141B0E5C45006CEFC8 /* Debug */ = {
			isa = XCBuildConfiguration;
			buildSettings = {
				ALWAYS_SEARCH_USER_PATHS = NO;
				CLANG_CXX_LANGUAGE_STANDARD = "gnu++0x";
				CLANG_CXX_LIBRARY = "libc++";
				CLANG_ENABLE_MODULES = YES;
				CLANG_ENABLE_OBJC_ARC = YES;
				CLANG_WARN_BOOL_CONVERSION = YES;
				CLANG_WARN_CONSTANT_CONVERSION = YES;
				CLANG_WARN_DIRECT_OBJC_ISA_USAGE = YES_ERROR;
				CLANG_WARN_EMPTY_BODY = YES;
				CLANG_WARN_ENUM_CONVERSION = YES;
				CLANG_WARN_INT_CONVERSION = YES;
				CLANG_WARN_OBJC_ROOT_CLASS = YES_ERROR;
				CLANG_WARN_UNREACHABLE_CODE = YES;
				CLANG_WARN__DUPLICATE_METHOD_MATCH = YES;
				"CODE_SIGN_IDENTITY[sdk=iphoneos*]" = "iPhone Developer";
				COPY_PHASE_STRIP = NO;
				DEBUG_INFORMATION_FORMAT = "dwarf-with-dsym";
				ENABLE_STRICT_OBJC_MSGSEND = YES;
				GCC_C_LANGUAGE_STANDARD = gnu99;
				GCC_DYNAMIC_NO_PIC = NO;
				GCC_NO_COMMON_BLOCKS = YES;
				GCC_OPTIMIZATION_LEVEL = 0;
				GCC_PREPROCESSOR_DEFINITIONS = (
					"DEBUG=1",
					"$(inherited)",
				);
				GCC_SYMBOLS_PRIVATE_EXTERN = NO;
				GCC_WARN_64_TO_32_BIT_CONVERSION = YES;
				GCC_WARN_ABOUT_RETURN_TYPE = YES_ERROR;
				GCC_WARN_UNDECLARED_SELECTOR = YES;
				GCC_WARN_UNINITIALIZED_AUTOS = YES_AGGRESSIVE;
				GCC_WARN_UNUSED_FUNCTION = YES;
				GCC_WARN_UNUSED_VARIABLE = YES;
				IPHONEOS_DEPLOYMENT_TARGET = 8.3;
				MTL_ENABLE_DEBUG_INFO = YES;
				ONLY_ACTIVE_ARCH = YES;
				SDKROOT = iphoneos;
				TARGETED_DEVICE_FAMILY = "1,2";
			};
			name = Debug;
		};
		B85B44151B0E5C45006CEFC8 /* Release */ = {
			isa = XCBuildConfiguration;
			buildSettings = {
				ALWAYS_SEARCH_USER_PATHS = NO;
				CLANG_CXX_LANGUAGE_STANDARD = "gnu++0x";
				CLANG_CXX_LIBRARY = "libc++";
				CLANG_ENABLE_MODULES = YES;
				CLANG_ENABLE_OBJC_ARC = YES;
				CLANG_WARN_BOOL_CONVERSION = YES;
				CLANG_WARN_CONSTANT_CONVERSION = YES;
				CLANG_WARN_DIRECT_OBJC_ISA_USAGE = YES_ERROR;
				CLANG_WARN_EMPTY_BODY = YES;
				CLANG_WARN_ENUM_CONVERSION = YES;
				CLANG_WARN_INT_CONVERSION = YES;
				CLANG_WARN_OBJC_ROOT_CLASS = YES_ERROR;
				CLANG_WARN_UNREACHABLE_CODE = YES;
				CLANG_WARN__DUPLICATE_METHOD_MATCH = YES;
				"CODE_SIGN_IDENTITY[sdk=iphoneos*]" = "iPhone Developer";
				COPY_PHASE_STRIP = NO;
				DEBUG_INFORMATION_FORMAT = "dwarf-with-dsym";
				ENABLE_NS_ASSERTIONS = NO;
				ENABLE_STRICT_OBJC_MSGSEND = YES;
				GCC_C_LANGUAGE_STANDARD = gnu99;
				GCC_NO_COMMON_BLOCKS = YES;
				GCC_WARN_64_TO_32_BIT_CONVERSION = YES;
				GCC_WARN_ABOUT_RETURN_TYPE = YES_ERROR;
				GCC_WARN_UNDECLARED_SELECTOR = YES;
				GCC_WARN_UNINITIALIZED_AUTOS = YES_AGGRESSIVE;
				GCC_WARN_UNUSED_FUNCTION = YES;
				GCC_WARN_UNUSED_VARIABLE = YES;
				IPHONEOS_DEPLOYMENT_TARGET = 8.3;
				MTL_ENABLE_DEBUG_INFO = NO;
				SDKROOT = iphoneos;
				TARGETED_DEVICE_FAMILY = "1,2";
				VALIDATE_PRODUCT = YES;
			};
			name = Release;
		};
		B85B44171B0E5C45006CEFC8 /* Debug */ = {
			isa = XCBuildConfiguration;
			buildSettings = {
				ASSETCATALOG_COMPILER_APPICON_NAME = AppIcon;
				INFOPLIST_FILE = QuickStart/Info.plist;
				LD_RUNPATH_SEARCH_PATHS = "$(inherited) @executable_path/Frameworks";
				PRODUCT_NAME = "$(TARGET_NAME)";
			};
			name = Debug;
		};
		B85B44181B0E5C45006CEFC8 /* Release */ = {
			isa = XCBuildConfiguration;
			buildSettings = {
				ASSETCATALOG_COMPILER_APPICON_NAME = AppIcon;
				INFOPLIST_FILE = QuickStart/Info.plist;
				LD_RUNPATH_SEARCH_PATHS = "$(inherited) @executable_path/Frameworks";
				PRODUCT_NAME = "$(TARGET_NAME)";
			};
			name = Release;
		};
		B85B441A1B0E5C45006CEFC8 /* Debug */ = {
			isa = XCBuildConfiguration;
			buildSettings = {
				BUNDLE_LOADER = "$(TEST_HOST)";
				FRAMEWORK_SEARCH_PATHS = (
					"$(SDKROOT)/Developer/Library/Frameworks",
					"$(inherited)",
				);
				GCC_PREPROCESSOR_DEFINITIONS = (
					"DEBUG=1",
					"$(inherited)",
				);
				INFOPLIST_FILE = QuickStartTests/Info.plist;
				LD_RUNPATH_SEARCH_PATHS = "$(inherited) @executable_path/Frameworks @loader_path/Frameworks";
				PRODUCT_NAME = "$(TARGET_NAME)";
				TEST_HOST = "$(BUILT_PRODUCTS_DIR)/QuickStart.app/QuickStart";
			};
			name = Debug;
		};
		B85B441B1B0E5C45006CEFC8 /* Release */ = {
			isa = XCBuildConfiguration;
			buildSettings = {
				BUNDLE_LOADER = "$(TEST_HOST)";
				FRAMEWORK_SEARCH_PATHS = (
					"$(SDKROOT)/Developer/Library/Frameworks",
					"$(inherited)",
				);
				INFOPLIST_FILE = QuickStartTests/Info.plist;
				LD_RUNPATH_SEARCH_PATHS = "$(inherited) @executable_path/Frameworks @loader_path/Frameworks";
				PRODUCT_NAME = "$(TARGET_NAME)";
				TEST_HOST = "$(BUILT_PRODUCTS_DIR)/QuickStart.app/QuickStart";
			};
			name = Release;
		};
/* End XCBuildConfiguration section */

/* Begin XCConfigurationList section */
		B85B43EB1B0E5C45006CEFC8 /* Build configuration list for PBXProject "QuickStart" */ = {
			isa = XCConfigurationList;
			buildConfigurations = (
				B85B44141B0E5C45006CEFC8 /* Debug */,
				B85B44151B0E5C45006CEFC8 /* Release */,
			);
			defaultConfigurationIsVisible = 0;
			defaultConfigurationName = Release;
		};
		B85B44161B0E5C45006CEFC8 /* Build configuration list for PBXNativeTarget "QuickStart" */ = {
			isa = XCConfigurationList;
			buildConfigurations = (
				B85B44171B0E5C45006CEFC8 /* Debug */,
				B85B44181B0E5C45006CEFC8 /* Release */,
			);
			defaultConfigurationIsVisible = 0;
		};
		B85B44191B0E5C45006CEFC8 /* Build configuration list for PBXNativeTarget "QuickStartTests" */ = {
			isa = XCConfigurationList;
			buildConfigurations = (
				B85B441A1B0E5C45006CEFC8 /* Debug */,
				B85B441B1B0E5C45006CEFC8 /* Release */,
			);
			defaultConfigurationIsVisible = 0;
		};
/* End XCConfigurationList section */
	};
	rootObject = B85B43E81B0E5C45006CEFC8 /* Project object */;
}
